
Microsoft Visual Studio Solution File, Format Version 12.00
# Visual Studio 15
VisualStudioVersion = 15.0.28307.2092
MinimumVisualStudioVersion = 10.0.40219.1
Project("{FAE04EC0-301F-11D3-BF4B-00C04F79EFBC}") = "WindowsFormsApp5", "WindowsFormsApp5\WindowsFormsApp5.csproj", "{B0A6D1AD-0855-46D0-9634-8E66B9678C13}"
EndProject
Global
	GlobalSection(SolutionConfigurationPlatforms) = preSolution
		Debug|Any CPU = Debug|Any CPU
		Release|Any CPU = Release|Any CPU
	EndGlobalSection
	GlobalSection(ProjectConfigurationPlatforms) = postSolution
		{B0A6D1AD-0855-46D0-9634-8E66B9678C13}.Debug|Any CPU.ActiveCfg = Release|Any CPU
		{B0A6D1AD-0855-46D0-9634-8E66B9678C13}.Debug|Any CPU.Build.0 = Release|Any CPU
		{B0A6D1AD-0855-46D0-9634-8E66B9678C13}.Release|Any CPU.ActiveCfg = Release|Any CPU
		{B0A6D1AD-0855-46D0-9634-8E66B9678C13}.Release|Any CPU.Build.0 = Release|Any CPU
	EndGlobalSection
	GlobalSection(SolutionProperties) = preSolution
		HideSolutionNode = FALSE
	EndGlobalSection
	GlobalSection(ExtensibilityGlobals) = postSolution
		SolutionGuid = {15775A00-4BAF-49F2-99FA-F4CCDF36B4AF}
	EndGlobalSection
EndGlobal
